dependencies:
- name: oauth2-proxy
  repository: https://oauth2-proxy.github.io/manifests
  version: 7.7.24
- name: kuma
  repository: https://kumahq.github.io/charts
  version: 2.8.2
digest: sha256:30b0583dd65da09cbb20eb769b9d68d01a6a8842c7ff320c7ab6e61268bd3e85
generated: "2025-07-16T03:42:38.607722105Z"
